
Microsoft Visual Studio Solution File, Format Version 12.00
# Visual Studio Version 17
VisualStudioVersion = 17.9.34902.65
MinimumVisualStudioVersion = 10.0.40219.1
Project("{FAE04EC0-301F-11D3-BF4B-00C04F79EFBC}") = "PortfolioTracker", "PortfolioTracker.csproj", "{C5AEDE01-FA3E-44FC-849C-EC7CC2F634D8}"
EndProject
Global
	GlobalSection(SolutionConfigurationPlatforms) = preSolution
		Debug|Any CPU = Debug|Any CPU
		Release|Any CPU = Release|Any CPU
	EndGlobalSection
	GlobalSection(ProjectConfigurationPlatforms) = postSolution
		{C5AEDE01-FA3E-44FC-849C-EC7CC2F634D8}.Debug|Any CPU.ActiveCfg = Debug|Any CPU
		{C5AEDE01-FA3E-44FC-849C-EC7CC2F634D8}.Debug|Any CPU.Build.0 = Debug|Any CPU
		{C5AEDE01-FA3E-44FC-849C-EC7CC2F634D8}.Release|Any CPU.ActiveCfg = Release|Any CPU
		{C5AEDE01-FA3E-44FC-849C-EC7CC2F634D8}.Release|Any CPU.Build.0 = Release|Any CPU
	EndGlobalSection
	GlobalSection(SolutionProperties) = preSolution
		HideSolutionNode = FALSE
	EndGlobalSection
	GlobalSection(ExtensibilityGlobals) = postSolution
		SolutionGuid = {47FF2265-AD4C-4931-BFF9-8546CDFF613A}
	EndGlobalSection
EndGlobal
